
Microsoft Visual Studio Solution File, Format Version 11.00
# Visual Studio 2010
Project("{FAE04EC0-301F-11D3-BF4B-00C04F79EFBC}") = "Assembly-CSharp", "Assembly-CSharp.csproj", "{C9D6A6D4-D8B3-4CF3-E244-C20E0E6525EC}"
EndProject
Project("{FAE04EC0-301F-11D3-BF4B-00C04F79EFBC}") = "testMod", "testMod.csproj", "{A194A91E-AFDA-F2F2-AC6A-3184886DDADC}"
EndProject
Project("{FAE04EC0-301F-11D3-BF4B-00C04F79EFBC}") = "RoR2Importers", "RoR2Importers.csproj", "{F2142703-0F13-5907-E894-20D604286A80}"
EndProject
Project("{FAE04EC0-301F-11D3-BF4B-00C04F79EFBC}") = "Assembly-CSharp-Editor", "Assembly-CSharp-Editor.csproj", "{6028116F-D0B5-068B-7629-934596D74BCF}"
EndProject
Global
	GlobalSection(SolutionConfigurationPlatforms) = preSolution
		Debug|Any CPU = Debug|Any CPU
		Release|Any CPU = Release|Any CPU
	EndGlobalSection
	GlobalSection(ProjectConfigurationPlatforms) = postSolution
		{C9D6A6D4-D8B3-4CF3-E244-C20E0E6525EC}.Debug|Any CPU.ActiveCfg = Debug|Any CPU
		{C9D6A6D4-D8B3-4CF3-E244-C20E0E6525EC}.Debug|Any CPU.Build.0 = Debug|Any CPU
		{C9D6A6D4-D8B3-4CF3-E244-C20E0E6525EC}.Release|Any CPU.ActiveCfg = Release|Any CPU
		{C9D6A6D4-D8B3-4CF3-E244-C20E0E6525EC}.Release|Any CPU.Build.0 = Release|Any CPU
		{A194A91E-AFDA-F2F2-AC6A-3184886DDADC}.Debug|Any CPU.ActiveCfg = Debug|Any CPU
		{A194A91E-AFDA-F2F2-AC6A-3184886DDADC}.Debug|Any CPU.Build.0 = Debug|Any CPU
		{A194A91E-AFDA-F2F2-AC6A-3184886DDADC}.Release|Any CPU.ActiveCfg = Release|Any CPU
		{A194A91E-AFDA-F2F2-AC6A-3184886DDADC}.Release|Any CPU.Build.0 = Release|Any CPU
		{F2142703-0F13-5907-E894-20D604286A80}.Debug|Any CPU.ActiveCfg = Debug|Any CPU
		{F2142703-0F13-5907-E894-20D604286A80}.Debug|Any CPU.Build.0 = Debug|Any CPU
		{F2142703-0F13-5907-E894-20D604286A80}.Release|Any CPU.ActiveCfg = Release|Any CPU
		{F2142703-0F13-5907-E894-20D604286A80}.Release|Any CPU.Build.0 = Release|Any CPU
		{6028116F-D0B5-068B-7629-934596D74BCF}.Debug|Any CPU.ActiveCfg = Debug|Any CPU
		{6028116F-D0B5-068B-7629-934596D74BCF}.Debug|Any CPU.Build.0 = Debug|Any CPU
		{6028116F-D0B5-068B-7629-934596D74BCF}.Release|Any CPU.ActiveCfg = Release|Any CPU
		{6028116F-D0B5-068B-7629-934596D74BCF}.Release|Any CPU.Build.0 = Release|Any CPU
	EndGlobalSection
	GlobalSection(SolutionProperties) = preSolution
		HideSolutionNode = FALSE
	EndGlobalSection
EndGlobal
